
Microsoft Visual Studio Solution File, Format Version 12.00
# Visual Studio Version 17
VisualStudioVersion = 17.0.31903.59
MinimumVisualStudioVersion = 10.0.40219.1
Project("{2150E333-8FDC-42A3-9474-1A3956D46DE8}") = "src", "src", "{8082B149-0018-4647-B262-EE9F6CAB7781}"
EndProject
Project("{FAE04EC0-301F-11D3-BF4B-00C04F79EFBC}") = "CreditScoreClassifier", "src\CreditScoreClassifier\CreditScoreClassifier.csproj", "{F41D3C0A-DB2A-4E51-A112-2F25274EF0C3}"
EndProject
Project("{2150E333-8FDC-42A3-9474-1A3956D46DE8}") = "tests", "tests", "{2CB9B737-A8B8-4C52-8F35-2445A41066F4}"
EndProject
Project("{FAE04EC0-301F-11D3-BF4B-00C04F79EFBC}") = "CreditScoreClassifier.Tests", "tests\CreditScoreClassifier.Tests\CreditScoreClassifier.Tests.csproj", "{3A6580DE-F173-4EEF-972E-E9F322212FB1}"
EndProject
Global
	GlobalSection(SolutionConfigurationPlatforms) = preSolution
		Debug|Any CPU = Debug|Any CPU
		Release|Any CPU = Release|Any CPU
	EndGlobalSection
	GlobalSection(SolutionProperties) = preSolution
		HideSolutionNode = FALSE
	EndGlobalSection
	GlobalSection(ProjectConfigurationPlatforms) = postSolution
		{F41D3C0A-DB2A-4E51-A112-2F25274EF0C3}.Debug|Any CPU.ActiveCfg = Debug|Any CPU
		{F41D3C0A-DB2A-4E51-A112-2F25274EF0C3}.Debug|Any CPU.Build.0 = Debug|Any CPU
		{F41D3C0A-DB2A-4E51-A112-2F25274EF0C3}.Release|Any CPU.ActiveCfg = Release|Any CPU
		{F41D3C0A-DB2A-4E51-A112-2F25274EF0C3}.Release|Any CPU.Build.0 = Release|Any CPU
		{3A6580DE-F173-4EEF-972E-E9F322212FB1}.Debug|Any CPU.ActiveCfg = Debug|Any CPU
		{3A6580DE-F173-4EEF-972E-E9F322212FB1}.Debug|Any CPU.Build.0 = Debug|Any CPU
		{3A6580DE-F173-4EEF-972E-E9F322212FB1}.Release|Any CPU.ActiveCfg = Release|Any CPU
		{3A6580DE-F173-4EEF-972E-E9F322212FB1}.Release|Any CPU.Build.0 = Release|Any CPU
	EndGlobalSection
	GlobalSection(NestedProjects) = preSolution
		{F41D3C0A-DB2A-4E51-A112-2F25274EF0C3} = {8082B149-0018-4647-B262-EE9F6CAB7781}
		{3A6580DE-F173-4EEF-972E-E9F322212FB1} = {2CB9B737-A8B8-4C52-8F35-2445A41066F4}
	EndGlobalSection
EndGlobal
